
Microsoft Visual Studio Solution File, Format Version 12.00
# Visual Studio Version 16
VisualStudioVersion = 16.0.31702.278
MinimumVisualStudioVersion = 10.0.40219.1
Project("{FAE04EC0-301F-11D3-BF4B-00C04F79EFBC}") = "Homework.Android", "Homework\Homework.Android\Homework.Android.csproj", "{4620FD16-2046-4884-9953-17272580CE26}"
EndProject
Project("{FAE04EC0-301F-11D3-BF4B-00C04F79EFBC}") = "Homework.iOS", "Homework\Homework.iOS\Homework.iOS.csproj", "{95C337F6-7AC2-4EC8-B1A7-2DA43859F1E8}"
EndProject
Project("{FAE04EC0-301F-11D3-BF4B-00C04F79EFBC}") = "Homework", "Homework\Homework\Homework.csproj", "{2ACBB202-34D8-4B2C-9589-1D6B1AFAB969}"
EndProject
Global
	GlobalSection(SolutionConfigurationPlatforms) = preSolution
		Debug|Any CPU = Debug|Any CPU
		Debug|iPhone = Debug|iPhone
		Debug|iPhoneSimulator = Debug|iPhoneSimulator
		Release|Any CPU = Release|Any CPU
		Release|iPhone = Release|iPhone
		Release|iPhoneSimulator = Release|iPhoneSimulator
	EndGlobalSection
	GlobalSection(ProjectConfigurationPlatforms) = postSolution
		{4620FD16-2046-4884-9953-17272580CE26}.Debug|Any CPU.ActiveCfg = Debug|Any CPU
		{4620FD16-2046-4884-9953-17272580CE26}.Debug|Any CPU.Build.0 = Debug|Any CPU
		{4620FD16-2046-4884-9953-17272580CE26}.Debug|Any CPU.Deploy.0 = Debug|Any CPU
		{4620FD16-2046-4884-9953-17272580CE26}.Debug|iPhone.ActiveCfg = Debug|Any CPU
		{4620FD16-2046-4884-9953-17272580CE26}.Debug|iPhone.Build.0 = Debug|Any CPU
		{4620FD16-2046-4884-9953-17272580CE26}.Debug|iPhone.Deploy.0 = Debug|Any CPU
		{4620FD16-2046-4884-9953-17272580CE26}.Debug|iPhoneSimulator.ActiveCfg = Debug|Any CPU
		{4620FD16-2046-4884-9953-17272580CE26}.Debug|iPhoneSimulator.Build.0 = Debug|Any CPU
		{4620FD16-2046-4884-9953-17272580CE26}.Debug|iPhoneSimulator.Deploy.0 = Debug|Any CPU
		{4620FD16-2046-4884-9953-17272580CE26}.Release|Any CPU.ActiveCfg = Release|Any CPU
		{4620FD16-2046-4884-9953-17272580CE26}.Release|Any CPU.Build.0 = Release|Any CPU
		{4620FD16-2046-4884-9953-17272580CE26}.Release|Any CPU.Deploy.0 = Release|Any CPU
		{4620FD16-2046-4884-9953-17272580CE26}.Release|iPhone.ActiveCfg = Release|Any CPU
		{4620FD16-2046-4884-9953-17272580CE26}.Release|iPhone.Build.0 = Release|Any CPU
		{4620FD16-2046-4884-9953-17272580CE26}.Release|iPhone.Deploy.0 = Release|Any CPU
		{4620FD16-2046-4884-9953-17272580CE26}.Release|iPhoneSimulator.ActiveCfg = Release|Any CPU
		{4620FD16-2046-4884-9953-17272580CE26}.Release|iPhoneSimulator.Build.0 = Release|Any CPU
		{4620FD16-2046-4884-9953-17272580CE26}.Release|iPhoneSimulator.Deploy.0 = Release|Any CPU
		{95C337F6-7AC2-4EC8-B1A7-2DA43859F1E8}.Debug|Any CPU.ActiveCfg = Debug|iPhone
		{95C337F6-7AC2-4EC8-B1A7-2DA43859F1E8}.Debug|Any CPU.Build.0 = Debug|iPhone
		{95C337F6-7AC2-4EC8-B1A7-2DA43859F1E8}.Debug|Any CPU.Deploy.0 = Debug|iPhone
		{95C337F6-7AC2-4EC8-B1A7-2DA43859F1E8}.Debug|iPhone.ActiveCfg = Debug|iPhone
		{95C337F6-7AC2-4EC8-B1A7-2DA43859F1E8}.Debug|iPhone.Build.0 = Debug|iPhone
		{95C337F6-7AC2-4EC8-B1A7-2DA43859F1E8}.Debug|iPhone.Deploy.0 = Debug|iPhone
		{95C337F6-7AC2-4EC8-B1A7-2DA43859F1E8}.Debug|iPhoneSimulator.ActiveCfg = Debug|iPhoneSimulator
		{95C337F6-7AC2-4EC8-B1A7-2DA43859F1E8}.Debug|iPhoneSimulator.Build.0 = Debug|iPhoneSimulator
		{95C337F6-7AC2-4EC8-B1A7-2DA43859F1E8}.Debug|iPhoneSimulator.Deploy.0 = Debug|iPhoneSimulator
		{95C337F6-7AC2-4EC8-B1A7-2DA43859F1E8}.Release|Any CPU.ActiveCfg = Release|iPhoneSimulator
		{95C337F6-7AC2-4EC8-B1A7-2DA43859F1E8}.Release|Any CPU.Build.0 = Release|iPhoneSimulator
		{95C337F6-7AC2-4EC8-B1A7-2DA43859F1E8}.Release|Any CPU.Deploy.0 = Release|iPhoneSimulator
		{95C337F6-7AC2-4EC8-B1A7-2DA43859F1E8}.Release|iPhone.ActiveCfg = Release|iPhone
		{95C337F6-7AC2-4EC8-B1A7-2DA43859F1E8}.Release|iPhone.Build.0 = Release|iPhone
		{95C337F6-7AC2-4EC8-B1A7-2DA43859F1E8}.Release|iPhone.Deploy.0 = Release|iPhone
		{95C337F6-7AC2-4EC8-B1A7-2DA43859F1E8}.Release|iPhoneSimulator.ActiveCfg = Release|iPhoneSimulator
		{95C337F6-7AC2-4EC8-B1A7-2DA43859F1E8}.Release|iPhoneSimulator.Build.0 = Release|iPhoneSimulator
		{95C337F6-7AC2-4EC8-B1A7-2DA43859F1E8}.Release|iPhoneSimulator.Deploy.0 = Release|iPhoneSimulator
		{2ACBB202-34D8-4B2C-9589-1D6B1AFAB969}.Debug|Any CPU.ActiveCfg = Debug|Any CPU
		{2ACBB202-34D8-4B2C-9589-1D6B1AFAB969}.Debug|Any CPU.Build.0 = Debug|Any CPU
		{2ACBB202-34D8-4B2C-9589-1D6B1AFAB969}.Debug|Any CPU.Deploy.0 = Debug|Any CPU
		{2ACBB202-34D8-4B2C-9589-1D6B1AFAB969}.Debug|iPhone.ActiveCfg = Debug|Any CPU
		{2ACBB202-34D8-4B2C-9589-1D6B1AFAB969}.Debug|iPhone.Build.0 = Debug|Any CPU
		{2ACBB202-34D8-4B2C-9589-1D6B1AFAB969}.Debug|iPhone.Deploy.0 = Debug|Any CPU
		{2ACBB202-34D8-4B2C-9589-1D6B1AFAB969}.Debug|iPhoneSimulator.ActiveCfg = Debug|Any CPU
		{2ACBB202-34D8-4B2C-9589-1D6B1AFAB969}.Debug|iPhoneSimulator.Build.0 = Debug|Any CPU
		{2ACBB202-34D8-4B2C-9589-1D6B1AFAB969}.Debug|iPhoneSimulator.Deploy.0 = Debug|Any CPU
		{2ACBB202-34D8-4B2C-9589-1D6B1AFAB969}.Release|Any CPU.ActiveCfg = Release|Any CPU
		{2ACBB202-34D8-4B2C-9589-1D6B1AFAB969}.Release|Any CPU.Build.0 = Release|Any CPU
		{2ACBB202-34D8-4B2C-9589-1D6B1AFAB969}.Release|Any CPU.Deploy.0 = Release|Any CPU
		{2ACBB202-34D8-4B2C-9589-1D6B1AFAB969}.Release|iPhone.ActiveCfg = Release|Any CPU
		{2ACBB202-34D8-4B2C-9589-1D6B1AFAB969}.Release|iPhone.Build.0 = Release|Any CPU
		{2ACBB202-34D8-4B2C-9589-1D6B1AFAB969}.Release|iPhone.Deploy.0 = Release|Any CPU
		{2ACBB202-34D8-4B2C-9589-1D6B1AFAB969}.Release|iPhoneSimulator.ActiveCfg = Release|Any CPU
		{2ACBB202-34D8-4B2C-9589-1D6B1AFAB969}.Release|iPhoneSimulator.Build.0 = Release|Any CPU
		{2ACBB202-34D8-4B2C-9589-1D6B1AFAB969}.Release|iPhoneSimulator.Deploy.0 = Release|Any CPU
	EndGlobalSection
	GlobalSection(SolutionProperties) = preSolution
		HideSolutionNode = FALSE
	EndGlobalSection
	GlobalSection(ExtensibilityGlobals) = postSolution
		SolutionGuid = {EB94E18B-4A6F-4A0D-B640-3C2A16AE0138}
	EndGlobalSection
EndGlobal
